
Microsoft Visual Studio Solution File, Format Version 12.00
# Visual Studio Version 17
VisualStudioVersion = 17.6.33723.286
MinimumVisualStudioVersion = 10.0.40219.1
Project("{FAE04EC0-301F-11D3-BF4B-00C04F79EFBC}") = "Chemical_Equations", "Chemical_Equations\Chemical_Equations.csproj", "{1880566F-65B0-459F-9725-A1CA744992CC}"
EndProject
Global
	GlobalSection(SolutionConfigurationPlatforms) = preSolution
		Debug|Any CPU = Debug|Any CPU
		Release|Any CPU = Release|Any CPU
	EndGlobalSection
	GlobalSection(ProjectConfigurationPlatforms) = postSolution
		{1880566F-65B0-459F-9725-A1CA744992CC}.Debug|Any CPU.ActiveCfg = Debug|Any CPU
		{1880566F-65B0-459F-9725-A1CA744992CC}.Debug|Any CPU.Build.0 = Debug|Any CPU
		{1880566F-65B0-459F-9725-A1CA744992CC}.Release|Any CPU.ActiveCfg = Release|Any CPU
		{1880566F-65B0-459F-9725-A1CA744992CC}.Release|Any CPU.Build.0 = Release|Any CPU
	EndGlobalSection
	GlobalSection(SolutionProperties) = preSolution
		HideSolutionNode = FALSE
	EndGlobalSection
	GlobalSection(ExtensibilityGlobals) = postSolution
		SolutionGuid = {090D29D7-AFD8-45C2-B824-9B1A9466DB5D}
	EndGlobalSection
EndGlobal
