
Microsoft Visual Studio Solution File, Format Version 12.00
# Visual Studio Version 17
VisualStudioVersion = 17.6.33723.286
MinimumVisualStudioVersion = 10.0.40219.1
Project("{9A19103F-16F7-4668-BE54-9A1E7A4F7556}") = "Chat_App", "Chat_App\Chat_App.csproj", "{CBE3E1CA-F755-41DE-ABD0-D2CED345976D}"
EndProject
Project("{FAE04EC0-301F-11D3-BF4B-00C04F79EFBC}") = "Chat_Server", "Chat_Server\Chat_Server.csproj", "{0FA42DB8-4C1D-4C74-A60E-8A2DCAB3E417}"
EndProject
Global
	GlobalSection(SolutionConfigurationPlatforms) = preSolution
		Debug|Any CPU = Debug|Any CPU
		Release|Any CPU = Release|Any CPU
	EndGlobalSection
	GlobalSection(ProjectConfigurationPlatforms) = postSolution
		{CBE3E1CA-F755-41DE-ABD0-D2CED345976D}.Debug|Any CPU.ActiveCfg = Debug|Any CPU
		{CBE3E1CA-F755-41DE-ABD0-D2CED345976D}.Debug|Any CPU.Build.0 = Debug|Any CPU
		{CBE3E1CA-F755-41DE-ABD0-D2CED345976D}.Release|Any CPU.ActiveCfg = Release|Any CPU
		{CBE3E1CA-F755-41DE-ABD0-D2CED345976D}.Release|Any CPU.Build.0 = Release|Any CPU
		{0FA42DB8-4C1D-4C74-A60E-8A2DCAB3E417}.Debug|Any CPU.ActiveCfg = Debug|Any CPU
		{0FA42DB8-4C1D-4C74-A60E-8A2DCAB3E417}.Debug|Any CPU.Build.0 = Debug|Any CPU
		{0FA42DB8-4C1D-4C74-A60E-8A2DCAB3E417}.Release|Any CPU.ActiveCfg = Release|Any CPU
		{0FA42DB8-4C1D-4C74-A60E-8A2DCAB3E417}.Release|Any CPU.Build.0 = Release|Any CPU
	EndGlobalSection
	GlobalSection(SolutionProperties) = preSolution
		HideSolutionNode = FALSE
	EndGlobalSection
	GlobalSection(ExtensibilityGlobals) = postSolution
		SolutionGuid = {22A6FEAC-2C7C-4E41-B5D8-3BEA87C29F6F}
	EndGlobalSection
EndGlobal
