
Microsoft Visual Studio Solution File, Format Version 12.00
# Visual Studio Version 17
VisualStudioVersion = 17.7.34031.279
MinimumVisualStudioVersion = 10.0.40219.1
Project("{FAE04EC0-301F-11D3-BF4B-00C04F79EFBC}") = "Ideal Weight Calculator", "Ideal Weight Calculator\Ideal Weight Calculator.csproj", "{B8BD12E7-ED22-44D5-9DDC-A8C5CD853FDE}"
EndProject
Global
	GlobalSection(SolutionConfigurationPlatforms) = preSolution
		Debug|Any CPU = Debug|Any CPU
		Release|Any CPU = Release|Any CPU
	EndGlobalSection
	GlobalSection(ProjectConfigurationPlatforms) = postSolution
		{B8BD12E7-ED22-44D5-9DDC-A8C5CD853FDE}.Debug|Any CPU.ActiveCfg = Debug|Any CPU
		{B8BD12E7-ED22-44D5-9DDC-A8C5CD853FDE}.Debug|Any CPU.Build.0 = Debug|Any CPU
		{B8BD12E7-ED22-44D5-9DDC-A8C5CD853FDE}.Release|Any CPU.ActiveCfg = Release|Any CPU
		{B8BD12E7-ED22-44D5-9DDC-A8C5CD853FDE}.Release|Any CPU.Build.0 = Release|Any CPU
	EndGlobalSection
	GlobalSection(SolutionProperties) = preSolution
		HideSolutionNode = FALSE
	EndGlobalSection
	GlobalSection(ExtensibilityGlobals) = postSolution
		SolutionGuid = {A02BEDD2-B4F6-412E-8005-6D0DE161F0B8}
	EndGlobalSection
EndGlobal
