
Microsoft Visual Studio Solution File, Format Version 12.00
# Visual Studio Version 17
VisualStudioVersion = 17.6.33723.286
MinimumVisualStudioVersion = 10.0.40219.1
Project("{FAE04EC0-301F-11D3-BF4B-00C04F79EFBC}") = "Ohms_Law", "Ohms_Law\Ohms_Law.csproj", "{DAC13280-C55A-4700-A58C-D46BEB5ED9A3}"
EndProject
Global
	GlobalSection(SolutionConfigurationPlatforms) = preSolution
		Debug|Any CPU = Debug|Any CPU
		Release|Any CPU = Release|Any CPU
	EndGlobalSection
	GlobalSection(ProjectConfigurationPlatforms) = postSolution
		{DAC13280-C55A-4700-A58C-D46BEB5ED9A3}.Debug|Any CPU.ActiveCfg = Debug|Any CPU
		{DAC13280-C55A-4700-A58C-D46BEB5ED9A3}.Debug|Any CPU.Build.0 = Debug|Any CPU
		{DAC13280-C55A-4700-A58C-D46BEB5ED9A3}.Release|Any CPU.ActiveCfg = Release|Any CPU
		{DAC13280-C55A-4700-A58C-D46BEB5ED9A3}.Release|Any CPU.Build.0 = Release|Any CPU
	EndGlobalSection
	GlobalSection(SolutionProperties) = preSolution
		HideSolutionNode = FALSE
	EndGlobalSection
	GlobalSection(ExtensibilityGlobals) = postSolution
		SolutionGuid = {89E0C3FA-393E-44AF-868F-9B82EB09CDED}
	EndGlobalSection
EndGlobal
